
Microsoft Visual Studio Solution File, Format Version 12.00
# Visual Studio Version 16
VisualStudioVersion = 16.0.32002.261
MinimumVisualStudioVersion = 10.0.40219.1
Project("{FAE04EC0-301F-11D3-BF4B-00C04F79EFBC}") = "AdventOfCode202107", "AdventOfCode202107\AdventOfCode202107.csproj", "{AFA82808-0915-4B88-B98D-201CCADABFAE}"
EndProject
Global
	GlobalSection(SolutionConfigurationPlatforms) = preSolution
		Debug|Any CPU = Debug|Any CPU
		Release|Any CPU = Release|Any CPU
	EndGlobalSection
	GlobalSection(ProjectConfigurationPlatforms) = postSolution
		{AFA82808-0915-4B88-B98D-201CCADABFAE}.Debug|Any CPU.ActiveCfg = Debug|Any CPU
		{AFA82808-0915-4B88-B98D-201CCADABFAE}.Debug|Any CPU.Build.0 = Debug|Any CPU
		{AFA82808-0915-4B88-B98D-201CCADABFAE}.Release|Any CPU.ActiveCfg = Release|Any CPU
		{AFA82808-0915-4B88-B98D-201CCADABFAE}.Release|Any CPU.Build.0 = Release|Any CPU
	EndGlobalSection
	GlobalSection(SolutionProperties) = preSolution
		HideSolutionNode = FALSE
	EndGlobalSection
	GlobalSection(ExtensibilityGlobals) = postSolution
		SolutionGuid = {6150B24D-EEC6-42F7-927B-ADEB7C124771}
	EndGlobalSection
EndGlobal
