
Microsoft Visual Studio Solution File, Format Version 12.00
# Visual Studio Version 16
VisualStudioVersion = 16.0.31911.196
MinimumVisualStudioVersion = 10.0.40219.1
Project("{FAE04EC0-301F-11D3-BF4B-00C04F79EFBC}") = "AdventOfCode202101", "AdventOfCode202101\AdventOfCode202101.csproj", "{338C4F0C-76D7-4984-A3E1-D3704F4BE144}"
EndProject
Global
	GlobalSection(SolutionConfigurationPlatforms) = preSolution
		Debug|Any CPU = Debug|Any CPU
		Release|Any CPU = Release|Any CPU
	EndGlobalSection
	GlobalSection(ProjectConfigurationPlatforms) = postSolution
		{338C4F0C-76D7-4984-A3E1-D3704F4BE144}.Debug|Any CPU.ActiveCfg = Debug|Any CPU
		{338C4F0C-76D7-4984-A3E1-D3704F4BE144}.Debug|Any CPU.Build.0 = Debug|Any CPU
		{338C4F0C-76D7-4984-A3E1-D3704F4BE144}.Release|Any CPU.ActiveCfg = Release|Any CPU
		{338C4F0C-76D7-4984-A3E1-D3704F4BE144}.Release|Any CPU.Build.0 = Release|Any CPU
	EndGlobalSection
	GlobalSection(SolutionProperties) = preSolution
		HideSolutionNode = FALSE
	EndGlobalSection
	GlobalSection(ExtensibilityGlobals) = postSolution
		SolutionGuid = {D6A648DF-C608-4C49-9421-B281C6B25A52}
	EndGlobalSection
EndGlobal
